
Microsoft Visual Studio Solution File, Format Version 12.00
# Visual Studio 15
VisualStudioVersion = 15.0.27428.2005
MinimumVisualStudioVersion = 10.0.40219.1
Project("{9A19103F-16F7-4668-BE54-9A1E7A4F7556}") = "SiteMonitor.Web", "SiteMonitor.Web\SiteMonitor.Web.csproj", "{D75619D4-D0F8-40D5-A730-3AE8754C2A64}"
EndProject
Project("{9A19103F-16F7-4668-BE54-9A1E7A4F7556}") = "SiteMonitor.Data", "SiteMonitor.Data\SiteMonitor.Data.csproj", "{DA2CEE21-4815-4FCA-BAEC-832C51D3A2B1}"
EndProject
Project("{FAE04EC0-301F-11D3-BF4B-00C04F79EFBC}") = "SiteMonitor.BusinessLogic", "SiteMonitor.BusinessLogic\SiteMonitor.BusinessLogic.csproj", "{83E268F9-BCCB-4276-8231-0F08C146426D}"
EndProject
Global
	GlobalSection(SolutionConfigurationPlatforms) = preSolution
		Debug|Any CPU = Debug|Any CPU
		Release|Any CPU = Release|Any CPU
	EndGlobalSection
	GlobalSection(ProjectConfigurationPlatforms) = postSolution
		{D75619D4-D0F8-40D5-A730-3AE8754C2A64}.Debug|Any CPU.ActiveCfg = Debug|Any CPU
		{D75619D4-D0F8-40D5-A730-3AE8754C2A64}.Debug|Any CPU.Build.0 = Debug|Any CPU
		{D75619D4-D0F8-40D5-A730-3AE8754C2A64}.Release|Any CPU.ActiveCfg = Release|Any CPU
		{D75619D4-D0F8-40D5-A730-3AE8754C2A64}.Release|Any CPU.Build.0 = Release|Any CPU
		{DA2CEE21-4815-4FCA-BAEC-832C51D3A2B1}.Debug|Any CPU.ActiveCfg = Debug|Any CPU
		{DA2CEE21-4815-4FCA-BAEC-832C51D3A2B1}.Debug|Any CPU.Build.0 = Debug|Any CPU
		{DA2CEE21-4815-4FCA-BAEC-832C51D3A2B1}.Release|Any CPU.ActiveCfg = Release|Any CPU
		{DA2CEE21-4815-4FCA-BAEC-832C51D3A2B1}.Release|Any CPU.Build.0 = Release|Any CPU
		{83E268F9-BCCB-4276-8231-0F08C146426D}.Debug|Any CPU.ActiveCfg = Debug|Any CPU
		{83E268F9-BCCB-4276-8231-0F08C146426D}.Debug|Any CPU.Build.0 = Debug|Any CPU
		{83E268F9-BCCB-4276-8231-0F08C146426D}.Release|Any CPU.ActiveCfg = Release|Any CPU
		{83E268F9-BCCB-4276-8231-0F08C146426D}.Release|Any CPU.Build.0 = Release|Any CPU
	EndGlobalSection
	GlobalSection(SolutionProperties) = preSolution
		HideSolutionNode = FALSE
	EndGlobalSection
	GlobalSection(ExtensibilityGlobals) = postSolution
		SolutionGuid = {7FB1A957-33CA-4CA3-9DD3-077245D62D87}
	EndGlobalSection
EndGlobal
